
Microsoft Visual Studio Solution File, Format Version 12.00
# Visual Studio Version 16
VisualStudioVersion = 16.0.29519.181
MinimumVisualStudioVersion = 10.0.40219.1
Project("{8BC9CEB8-8B4A-11D0-8D11-00A0C91BC942}") = "Cursach", "Cursach\Cursach.vcxproj", "{108AEB7B-BF57-4A7E-8616-DFFE7797C10B}"
EndProject
Global
	GlobalSection(SolutionConfigurationPlatforms) = preSolution
		Debug|x64 = Debug|x64
		Debug|x86 = Debug|x86
		Release|x64 = Release|x64
		Release|x86 = Release|x86
	EndGlobalSection
	GlobalSection(ProjectConfigurationPlatforms) = postSolution
		{108AEB7B-BF57-4A7E-8616-DFFE7797C10B}.Debug|x64.ActiveCfg = Debug|x64
		{108AEB7B-BF57-4A7E-8616-DFFE7797C10B}.Debug|x64.Build.0 = Debug|x64
		{108AEB7B-BF57-4A7E-8616-DFFE7797C10B}.Debug|x86.ActiveCfg = Debug|Win32
		{108AEB7B-BF57-4A7E-8616-DFFE7797C10B}.Debug|x86.Build.0 = Debug|Win32
		{108AEB7B-BF57-4A7E-8616-DFFE7797C10B}.Release|x64.ActiveCfg = Release|x64
		{108AEB7B-BF57-4A7E-8616-DFFE7797C10B}.Release|x64.Build.0 = Release|x64
		{108AEB7B-BF57-4A7E-8616-DFFE7797C10B}.Release|x86.ActiveCfg = Release|Win32
		{108AEB7B-BF57-4A7E-8616-DFFE7797C10B}.Release|x86.Build.0 = Release|Win32
	EndGlobalSection
	GlobalSection(SolutionProperties) = preSolution
		HideSolutionNode = FALSE
	EndGlobalSection
	GlobalSection(ExtensibilityGlobals) = postSolution
		SolutionGuid = {C8CC012D-1C4F-469C-A5CC-01FF7A1E962E}
	EndGlobalSection
EndGlobal
